
Microsoft Visual Studio Solution File, Format Version 12.00
# Visual Studio Version 17
VisualStudioVersion = 17.8.34525.116
MinimumVisualStudioVersion = 10.0.40219.1
Project("{9A19103F-16F7-4668-BE54-9A1E7A4F7556}") = "Bridge", "Bridge\Bridge.csproj", "{0FEED176-1015-4248-B97A-996E7980F756}"
EndProject
Project("{9A19103F-16F7-4668-BE54-9A1E7A4F7556}") = "BridgeTests", "BridgeTests\BridgeTests.csproj", "{A55BC52A-955E-4EF8-BC84-103A81CF88FD}"
EndProject
Project("{9A19103F-16F7-4668-BE54-9A1E7A4F7556}") = "StoreBaeltTicketLibrary", "StoreBaeltTicketLibrary\StoreBaeltTicketLibrary.csproj", "{8AF05B3B-8DE9-467C-838D-681001030E1F}"
EndProject
Project("{9A19103F-16F7-4668-BE54-9A1E7A4F7556}") = "StoreBaeltTicketTests", "StoreBaeltTicketTests\StoreBaeltTicketTests.csproj", "{82AB9E2F-93AA-479D-919A-521C17F27EB8}"
EndProject
Project("{9A19103F-16F7-4668-BE54-9A1E7A4F7556}") = "OresundbroenTicketTests", "OresundbroenTicketTests\OresundbroenTicketTests.csproj", "{07DC5D40-3038-4609-888C-D4D96BC18E05}"
EndProject
Project("{9A19103F-16F7-4668-BE54-9A1E7A4F7556}") = "OresundbroenTicketLibrary", "OresundbronTicketLibrary\OresundbroenTicketLibrary.csproj", "{90426684-49C7-4469-889F-0E42AE947117}"
EndProject
Project("{FAE04EC0-301F-11D3-BF4B-00C04F79EFBC}") = "TCPServer", "TCPServer\TCPServer.csproj", "{700CEB2B-96CC-4EB4-81C6-7CFAD98347DD}"
EndProject
Global
	GlobalSection(SolutionConfigurationPlatforms) = preSolution
		Debug|Any CPU = Debug|Any CPU
		Release|Any CPU = Release|Any CPU
	EndGlobalSection
	GlobalSection(ProjectConfigurationPlatforms) = postSolution
		{0FEED176-1015-4248-B97A-996E7980F756}.Debug|Any CPU.ActiveCfg = Debug|Any CPU
		{0FEED176-1015-4248-B97A-996E7980F756}.Debug|Any CPU.Build.0 = Debug|Any CPU
		{0FEED176-1015-4248-B97A-996E7980F756}.Release|Any CPU.ActiveCfg = Release|Any CPU
		{0FEED176-1015-4248-B97A-996E7980F756}.Release|Any CPU.Build.0 = Release|Any CPU
		{A55BC52A-955E-4EF8-BC84-103A81CF88FD}.Debug|Any CPU.ActiveCfg = Debug|Any CPU
		{A55BC52A-955E-4EF8-BC84-103A81CF88FD}.Debug|Any CPU.Build.0 = Debug|Any CPU
		{A55BC52A-955E-4EF8-BC84-103A81CF88FD}.Release|Any CPU.ActiveCfg = Release|Any CPU
		{A55BC52A-955E-4EF8-BC84-103A81CF88FD}.Release|Any CPU.Build.0 = Release|Any CPU
		{8AF05B3B-8DE9-467C-838D-681001030E1F}.Debug|Any CPU.ActiveCfg = Debug|Any CPU
		{8AF05B3B-8DE9-467C-838D-681001030E1F}.Debug|Any CPU.Build.0 = Debug|Any CPU
		{8AF05B3B-8DE9-467C-838D-681001030E1F}.Release|Any CPU.ActiveCfg = Release|Any CPU
		{8AF05B3B-8DE9-467C-838D-681001030E1F}.Release|Any CPU.Build.0 = Release|Any CPU
		{82AB9E2F-93AA-479D-919A-521C17F27EB8}.Debug|Any CPU.ActiveCfg = Debug|Any CPU
		{82AB9E2F-93AA-479D-919A-521C17F27EB8}.Debug|Any CPU.Build.0 = Debug|Any CPU
		{82AB9E2F-93AA-479D-919A-521C17F27EB8}.Release|Any CPU.ActiveCfg = Release|Any CPU
		{82AB9E2F-93AA-479D-919A-521C17F27EB8}.Release|Any CPU.Build.0 = Release|Any CPU
		{07DC5D40-3038-4609-888C-D4D96BC18E05}.Debug|Any CPU.ActiveCfg = Debug|Any CPU
		{07DC5D40-3038-4609-888C-D4D96BC18E05}.Debug|Any CPU.Build.0 = Debug|Any CPU
		{07DC5D40-3038-4609-888C-D4D96BC18E05}.Release|Any CPU.ActiveCfg = Release|Any CPU
		{07DC5D40-3038-4609-888C-D4D96BC18E05}.Release|Any CPU.Build.0 = Release|Any CPU
		{90426684-49C7-4469-889F-0E42AE947117}.Debug|Any CPU.ActiveCfg = Debug|Any CPU
		{90426684-49C7-4469-889F-0E42AE947117}.Debug|Any CPU.Build.0 = Debug|Any CPU
		{90426684-49C7-4469-889F-0E42AE947117}.Release|Any CPU.ActiveCfg = Release|Any CPU
		{90426684-49C7-4469-889F-0E42AE947117}.Release|Any CPU.Build.0 = Release|Any CPU
		{700CEB2B-96CC-4EB4-81C6-7CFAD98347DD}.Debug|Any CPU.ActiveCfg = Debug|Any CPU
		{700CEB2B-96CC-4EB4-81C6-7CFAD98347DD}.Debug|Any CPU.Build.0 = Debug|Any CPU
		{700CEB2B-96CC-4EB4-81C6-7CFAD98347DD}.Release|Any CPU.ActiveCfg = Release|Any CPU
		{700CEB2B-96CC-4EB4-81C6-7CFAD98347DD}.Release|Any CPU.Build.0 = Release|Any CPU
	EndGlobalSection
	GlobalSection(SolutionProperties) = preSolution
		HideSolutionNode = FALSE
	EndGlobalSection
	GlobalSection(ExtensibilityGlobals) = postSolution
		SolutionGuid = {F90B4662-C7CE-4E65-B67A-3AB4515650BD}
	EndGlobalSection
EndGlobal
